// !$*UTF8*$!
{
	archiveVersion = 1;
	classes = {
	};
	objectVersion = 51;
	objects = {

/* Begin PBXBuildFile section */
		71F8662E166CD18F322DB7ED /* Pods_tumblrTests.framework in Frameworks */ = {isa = PBXBuildFile; fileRef = 14DECD053A7CFBFD956E1BAE /* Pods_tumblrTests.framework */; };
		80E25A6D16B6BE6DEE7F04AE /* Pods_tumblr.framework in Frameworks */ = {isa = PBXBuildFile; fileRef = 93EEA846F887F81CCDA27A0C /* Pods_tumblr.framework */; };
		A2CD48C222C5344900B8EDEB /* AppDelegate.m in Sources */ = {isa = PBXBuildFile; fileRef = A2CD48C122C5344900B8EDEB /* AppDelegate.m */; };
		A2CD48C822C5344900B8EDEB /* Main.storyboard in Resources */ = {isa = PBXBuildFile; fileRef = A2CD48C622C5344900B8EDEB /* Main.storyboard */; };
		A2CD48CA22C5344A00B8EDEB /* Assets.xcassets in Resources */ = {isa = PBXBuildFile; fileRef = A2CD48C922C5344A00B8EDEB /* Assets.xcassets */; };
		A2CD48CD22C5344A00B8EDEB /* LaunchScreen.storyboard in Resources */ = {isa = PBXBuildFile; fileRef = A2CD48CB22C5344A00B8EDEB /* LaunchScreen.storyboard */; };
		A2CD48D022C5344A00B8EDEB /* main.m in Sources */ = {isa = PBXBuildFile; fileRef = A2CD48CF22C5344A00B8EDEB /* main.m */; };
		A2CD48DA22C5344A00B8EDEB /* tumblrTests.m in Sources */ = {isa = PBXBuildFile; fileRef = A2CD48D922C5344A00B8EDEB /* tumblrTests.m */; };
		A2CD48E522C5344A00B8EDEB /* tumblrUITests.m in Sources */ = {isa = PBXBuildFile; fileRef = A2CD48E422C5344A00B8EDEB /* tumblrUITests.m */; };
		A2CD48F422C5360200B8EDEB /* PhotosViewController.m in Sources */ = {isa = PBXBuildFile; fileRef = A2CD48F322C5360200B8EDEB /* PhotosViewController.m */; };
		A2CD48F922C53CE100B8EDEB /* PhotoCell.m in Sources */ = {isa = PBXBuildFile; fileRef = A2CD48F822C53CE100B8EDEB /* PhotoCell.m */; };
		ACDDA4B2D352BB105B0E03EF /* Pods_tumblrUITests.framework in Frameworks */ = {isa = PBXBuildFile; fileRef = 9F2EEE075DB403E11580A7A1 /* Pods_tumblrUITests.framework */; };
/* End PBXBuildFile section */

/* Begin PBXContainerItemProxy section */
		A2CD48D622C5344A00B8EDEB /* PBXContainerItemProxy */ = {
			isa = PBXContainerItemProxy;
			containerPortal = A2CD48B522C5344900B8EDEB /* Project object */;
			proxyType = 1;
			remoteGlobalIDString = A2CD48BC22C5344900B8EDEB;
			remoteInfo = tumblr;
		};
		A2CD48E122C5344A00B8EDEB /* PBXContainerItemProxy */ = {
			isa = PBXContainerItemProxy;
			containerPortal = A2CD48B522C5344900B8EDEB /* Project object */;
			proxyType = 1;
			remoteGlobalIDString = A2CD48BC22C5344900B8EDEB;
			remoteInfo = tumblr;
		};
/* End PBXContainerItemProxy section */

/* Begin PBXFileReference section */
		14DECD053A7CFBFD956E1BAE /* Pods_tumblrTests.framework */ = {isa = PBXFileReference; explicitFileType = wrapper.framework; includeInIndex = 0; path = Pods_tumblrTests.framework; sourceTree = BUILT_PRODUCTS_DIR; };
		3E5FD25D70383EEF9B4A93D4 /* Pods-tumblr.release.xcconfig */ = {isa = PBXFileReference; includeInIndex = 1; lastKnownFileType = text.xcconfig; name = "Pods-tumblr.release.xcconfig"; path = "Target Support Files/Pods-tumblr/Pods-tumblr.release.xcconfig"; sourceTree = "<group>"; };
		3F9465769D8596EE56CF6FF8 /* Pods-tumblrUITests.debug.xcconfig */ = {isa = PBXFileReference; includeInIndex = 1; lastKnownFileType = text.xcconfig; name = "Pods-tumblrUITests.debug.xcconfig"; path = "Target Support Files/Pods-tumblrUITests/Pods-tumblrUITests.debug.xcconfig"; sourceTree = "<group>"; };
		5E8AE6AF0319A3673861BC8F /* Pods-tumblrTests.debug.xcconfig */ = {isa = PBXFileReference; includeInIndex = 1; lastKnownFileType = text.xcconfig; name = "Pods-tumblrTests.debug.xcconfig"; path = "Target Support Files/Pods-tumblrTests/Pods-tumblrTests.debug.xcconfig"; sourceTree = "<group>"; };
		93EEA846F887F81CCDA27A0C /* Pods_tumblr.framework */ = {isa = PBXFileReference; explicitFileType = wrapper.framework; includeInIndex = 0; path = Pods_tumblr.framework; sourceTree = BUILT_PRODUCTS_DIR; };
		9F2EEE075DB403E11580A7A1 /* Pods_tumblrUITests.framework */ = {isa = PBXFileReference; explicitFileType = wrapper.framework; includeInIndex = 0; path = Pods_tumblrUITests.framework; sourceTree = BUILT_PRODUCTS_DIR; };
		A2CD48BD22C5344900B8EDEB /* tumblr.app */ = {isa = PBXFileReference; explicitFileType = wrapper.application; includeInIndex = 0; path = tumblr.app; sourceTree = BUILT_PRODUCTS_DIR; };
		A2CD48C022C5344900B8EDEB /* AppDelegate.h */ = {isa = PBXFileReference; lastKnownFileType = sourcecode.c.h; path = AppDelegate.h; sourceTree = "<group>"; };
		A2CD48C122C5344900B8EDEB /* AppDelegate.m */ = {isa = PBXFileReference; lastKnownFileType = sourcecode.c.objc; path = AppDelegate.m; sourceTree = "<group>"; };
		A2CD48C722C5344900B8EDEB /* Base */ = {isa = PBXFileReference; lastKnownFileType = file.storyboard; name = Base; path = Base.lproj/Main.storyboard; sourceTree = "<group>"; };
		A2CD48C922C5344A00B8EDEB /* Assets.xcassets */ = {isa = PBXFileReference; lastKnownFileType = folder.assetcatalog; path = Assets.xcassets; sourceTree = "<group>"; };
		A2CD48CC22C5344A00B8EDEB /* Base */ = {isa = PBXFileReference; lastKnownFileType = file.storyboard; name = Base; path = Base.lproj/LaunchScreen.storyboard; sourceTree = "<group>"; };
		A2CD48CE22C5344A00B8EDEB /* Info.plist */ = {isa = PBXFileReference; lastKnownFileType = text.plist.xml; path = Info.plist; sourceTree = "<group>"; };
		A2CD48CF22C5344A00B8EDEB /* main.m */ = {isa = PBXFileReference; lastKnownFileType = sourcecode.c.objc; path = main.m; sourceTree = "<group>"; };
		A2CD48D522C5344A00B8EDEB /* tumblrTests.xctest */ = {isa = PBXFileReference; explicitFileType = wrapper.cfbundle; includeInIndex = 0; path = tumblrTests.xctest; sourceTree = BUILT_PRODUCTS_DIR; };
		A2CD48D922C5344A00B8EDEB /* tumblrTests.m */ = {isa = PBXFileReference; lastKnownFileType = sourcecode.c.objc; path = tumblrTests.m; sourceTree = "<group>"; };
		A2CD48DB22C5344A00B8EDEB /* Info.plist */ = {isa = PBXFileReference; lastKnownFileType = text.plist.xml; path = Info.plist; sourceTree = "<group>"; };
		A2CD48E022C5344A00B8EDEB /* tumblrUITests.xctest */ = {isa = PBXFileReference; explicitFileType = wrapper.cfbundle; includeInIndex = 0; path = tumblrUITests.xctest; sourceTree = BUILT_PRODUCTS_DIR; };
		A2CD48E422C5344A00B8EDEB /* tumblrUITests.m */ = {isa = PBXFileReference; lastKnownFileType = sourcecode.c.objc; path = tumblrUITests.m; sourceTree = "<group>"; };
		A2CD48E622C5344A00B8EDEB /* Info.plist */ = {isa = PBXFileReference; lastKnownFileType = text.plist.xml; path = Info.plist; sourceTree = "<group>"; };
		A2CD48F222C5360200B8EDEB /* PhotosViewController.h */ = {isa = PBXFileReference; lastKnownFileType = sourcecode.c.h; path = PhotosViewController.h; sourceTree = "<group>"; };
		A2CD48F322C5360200B8EDEB /* PhotosViewController.m */ = {isa = PBXFileReference; lastKnownFileType = sourcecode.c.objc; path = PhotosViewController.m; sourceTree = "<group>"; };
		A2CD48F722C53CE100B8EDEB /* PhotoCell.h */ = {isa = PBXFileReference; lastKnownFileType = sourcecode.c.h; path = PhotoCell.h; sourceTree = "<group>"; };
		A2CD48F822C53CE100B8EDEB /* PhotoCell.m */ = {isa = PBXFileReference; lastKnownFileType = sourcecode.c.objc; path = PhotoCell.m; sourceTree = "<group>"; };
		C6470DB005D8330D8E866B8F /* Pods-tumblrUITests.release.xcconfig */ = {isa = PBXFileReference; includeInIndex = 1; lastKnownFileType = text.xcconfig; name = "Pods-tumblrUITests.release.xcconfig"; path = "Target Support Files/Pods-tumblrUITests/Pods-tumblrUITests.release.xcconfig"; sourceTree = "<group>"; };
		D6C358F121CE5E75EA1DE4AB /* Pods-tumblr.debug.xcconfig */ = {isa = PBXFileReference; includeInIndex = 1; lastKnownFileType = text.xcconfig; name = "Pods-tumblr.debug.xcconfig"; path = "Target Support Files/Pods-tumblr/Pods-tumblr.debug.xcconfig"; sourceTree = "<group>"; };
		F49BF2BD36FB7AA55DBC0F1B /* Pods-tumblrTests.release.xcconfig */ = {isa = PBXFileReference; includeInIndex = 1; lastKnownFileType = text.xcconfig; name = "Pods-tumblrTests.release.xcconfig"; path = "Target Support Files/Pods-tumblrTests/Pods-tumblrTests.release.xcconfig"; sourceTree = "<group>"; };
/* End PBXFileReference section */

/* Begin PBXFrameworksBuildPhase section */
		A2CD48BA22C5344900B8EDEB /* Frameworks */ = {
			isa = PBXFrameworksBuildPhase;
			buildActionMask = 2147483647;
			files = (
				80E25A6D16B6BE6DEE7F04AE /* Pods_tumblr.framework in Frameworks */,
			);
			runOnlyForDeploymentPostprocessing = 0;
		};
		A2CD48D222C5344A00B8EDEB /* Frameworks */ = {
			isa = PBXFrameworksBuildPhase;
			buildActionMask = 2147483647;
			files = (
				71F8662E166CD18F322DB7ED /* Pods_tumblrTests.framework in Frameworks */,
			);
			runOnlyForDeploymentPostprocessing = 0;
		};
		A2CD48DD22C5344A00B8EDEB /* Frameworks */ = {
			isa = PBXFrameworksBuildPhase;
			buildActionMask = 2147483647;
			files = (
				ACDDA4B2D352BB105B0E03EF /* Pods_tumblrUITests.framework in Frameworks */,
			);
			runOnlyForDeploymentPostprocessing = 0;
		};
/* End PBXFrameworksBuildPhase section */

/* Begin PBXGroup section */
		6081710B3A1644E7B505B70A /* Pods */ = {
			isa = PBXGroup;
			children = (
				D6C358F121CE5E75EA1DE4AB /* Pods-tumblr.debug.xcconfig */,
				3E5FD25D70383EEF9B4A93D4 /* Pods-tumblr.release.xcconfig */,
				5E8AE6AF0319A3673861BC8F /* Pods-tumblrTests.debug.xcconfig */,
				F49BF2BD36FB7AA55DBC0F1B /* Pods-tumblrTests.release.xcconfig */,
				3F9465769D8596EE56CF6FF8 /* Pods-tumblrUITests.debug.xcconfig */,
				C6470DB005D8330D8E866B8F /* Pods-tumblrUITests.release.xcconfig */,
			);
			path = Pods;
			sourceTree = "<group>";
		};
		6E0E8F55A9F2DDD281932A45 /* Frameworks */ = {
			isa = PBXGroup;
			children = (
				93EEA846F887F81CCDA27A0C /* Pods_tumblr.framework */,
				14DECD053A7CFBFD956E1BAE /* Pods_tumblrTests.framework */,
				9F2EEE075DB403E11580A7A1 /* Pods_tumblrUITests.framework */,
			);
			name = Frameworks;
			sourceTree = "<group>";
		};
		A2CD48B422C5344900B8EDEB = {
			isa = PBXGroup;
			children = (
				A2CD48BF22C5344900B8EDEB /* tumblr */,
				A2CD48D822C5344A00B8EDEB /* tumblrTests */,
				A2CD48E322C5344A00B8EDEB /* tumblrUITests */,
				A2CD48BE22C5344900B8EDEB /* Products */,
				6081710B3A1644E7B505B70A /* Pods */,
				6E0E8F55A9F2DDD281932A45 /* Frameworks */,
			);
			sourceTree = "<group>";
		};
		A2CD48BE22C5344900B8EDEB /* Products */ = {
			isa = PBXGroup;
			children = (
				A2CD48BD22C5344900B8EDEB /* tumblr.app */,
				A2CD48D522C5344A00B8EDEB /* tumblrTests.xctest */,
				A2CD48E022C5344A00B8EDEB /* tumblrUITests.xctest */,
			);
			name = Products;
			sourceTree = "<group>";
		};
		A2CD48BF22C5344900B8EDEB /* tumblr */ = {
			isa = PBXGroup;
			children = (
				A2CD48F622C53CA700B8EDEB /* Views */,
				A2CD48F522C53C9500B8EDEB /* ViewControllers */,
				A2CD48C022C5344900B8EDEB /* AppDelegate.h */,
				A2CD48C122C5344900B8EDEB /* AppDelegate.m */,
				A2CD48C622C5344900B8EDEB /* Main.storyboard */,
				A2CD48C922C5344A00B8EDEB /* Assets.xcassets */,
				A2CD48CB22C5344A00B8EDEB /* LaunchScreen.storyboard */,
				A2CD48CE22C5344A00B8EDEB /* Info.plist */,
				A2CD48CF22C5344A00B8EDEB /* main.m */,
			);
			path = tumblr;
			sourceTree = "<group>";
		};
		A2CD48D822C5344A00B8EDEB /* tumblrTests */ = {
			isa = PBXGroup;
			children = (
				A2CD48D922C5344A00B8EDEB /* tumblrTests.m */,
				A2CD48DB22C5344A00B8EDEB /* Info.plist */,
			);
			path = tumblrTests;
			sourceTree = "<group>";
		};
		A2CD48E322C5344A00B8EDEB /* tumblrUITests */ = {
			isa = PBXGroup;
			children = (
				A2CD48E422C5344A00B8EDEB /* tumblrUITests.m */,
				A2CD48E622C5344A00B8EDEB /* Info.plist */,
			);
			path = tumblrUITests;
			sourceTree = "<group>";
		};
		A2CD48F522C53C9500B8EDEB /* ViewControllers */ = {
			isa = PBXGroup;
			children = (
				A2CD48F322C5360200B8EDEB /* PhotosViewController.m */,
				A2CD48F222C5360200B8EDEB /* PhotosViewController.h */,
			);
			path = ViewControllers;
			sourceTree = "<group>";
		};
		A2CD48F622C53CA700B8EDEB /* Views */ = {
			isa = PBXGroup;
			children = (
				A2CD48F722C53CE100B8EDEB /* PhotoCell.h */,
				A2CD48F822C53CE100B8EDEB /* PhotoCell.m */,
			);
			path = Views;
			sourceTree = "<group>";
		};
/* End PBXGroup section */

/* Begin PBXNativeTarget section */
		A2CD48BC22C5344900B8EDEB /* tumblr */ = {
			isa = PBXNativeTarget;
			buildConfigurationList = A2CD48E922C5344A00B8EDEB /* Build configuration list for PBXNativeTarget "tumblr" */;
			buildPhases = (
				456B81E2AA3064F4F3880B4C /* [CP] Check Pods Manifest.lock */,
				A2CD48B922C5344900B8EDEB /* Sources */,
				A2CD48BA22C5344900B8EDEB /* Frameworks */,
				A2CD48BB22C5344900B8EDEB /* Resources */,
				003B70A555C395DFD51AC48F /* [CP] Embed Pods Frameworks */,
			);
			buildRules = (
			);
			dependencies = (
			);
			name = tumblr;
			productName = tumblr;
			productReference = A2CD48BD22C5344900B8EDEB /* tumblr.app */;
			productType = "com.apple.product-type.application";
		};
		A2CD48D422C5344A00B8EDEB /* tumblrTests */ = {
			isa = PBXNativeTarget;
			buildConfigurationList = A2CD48EC22C5344A00B8EDEB /* Build configuration list for PBXNativeTarget "tumblrTests" */;
			buildPhases = (
				FC6DE37BDBA259194C828919 /* [CP] Check Pods Manifest.lock */,
				A2CD48D122C5344A00B8EDEB /* Sources */,
				A2CD48D222C5344A00B8EDEB /* Frameworks */,
				A2CD48D322C5344A00B8EDEB /* Resources */,
			);
			buildRules = (
			);
			dependencies = (
				A2CD48D722C5344A00B8EDEB /* PBXTargetDependency */,
			);
			name = tumblrTests;
			productName = tumblrTests;
			productReference = A2CD48D522C5344A00B8EDEB /* tumblrTests.xctest */;
			productType = "com.apple.product-type.bundle.unit-test";
		};
		A2CD48DF22C5344A00B8EDEB /* tumblrUITests */ = {
			isa = PBXNativeTarget;
			buildConfigurationList = A2CD48EF22C5344A00B8EDEB /* Build configuration list for PBXNativeTarget "tumblrUITests" */;
			buildPhases = (
				1FED4425456379106DDE518A /* [CP] Check Pods Manifest.lock */,
				A2CD48DC22C5344A00B8EDEB /* Sources */,
				A2CD48DD22C5344A00B8EDEB /* Frameworks */,
				A2CD48DE22C5344A00B8EDEB /* Resources */,
			);
			buildRules = (
			);
			dependencies = (
				A2CD48E222C5344A00B8EDEB /* PBXTargetDependency */,
			);
			name = tumblrUITests;
			productName = tumblrUITests;
			productReference = A2CD48E022C5344A00B8EDEB /* tumblrUITests.xctest */;
			productType = "com.apple.product-type.bundle.ui-testing";
		};
/* End PBXNativeTarget section */

/* Begin PBXProject section */
		A2CD48B522C5344900B8EDEB /* Project object */ = {
			isa = PBXProject;
			attributes = {
				LastUpgradeCheck = 1020;
				ORGANIZATIONNAME = juliapark628;
				TargetAttributes = {
					A2CD48BC22C5344900B8EDEB = {
						CreatedOnToolsVersion = 10.2.1;
					};
					A2CD48D422C5344A00B8EDEB = {
						CreatedOnToolsVersion = 10.2.1;
						TestTargetID = A2CD48BC22C5344900B8EDEB;
					};
					A2CD48DF22C5344A00B8EDEB = {
						CreatedOnToolsVersion = 10.2.1;
						TestTargetID = A2CD48BC22C5344900B8EDEB;
					};
				};
			};
			buildConfigurationList = A2CD48B822C5344900B8EDEB /* Build configuration list for PBXProject "tumblr" */;
			compatibilityVersion = "Xcode 9.3";
			developmentRegion = en;
			hasScannedForEncodings = 0;
			knownRegions = (
				en,
				Base,
			);
			mainGroup = A2CD48B422C5344900B8EDEB;
			productRefGroup = A2CD48BE22C5344900B8EDEB /* Products */;
			projectDirPath = "";
			projectRoot = "";
			targets = (
				A2CD48BC22C5344900B8EDEB /* tumblr */,
				A2CD48D422C5344A00B8EDEB /* tumblrTests */,
				A2CD48DF22C5344A00B8EDEB /* tumblrUITests */,
			);
		};
/* End PBXProject section */

/* Begin PBXResourcesBuildPhase section */
		A2CD48BB22C5344900B8EDEB /* Resources */ = {
			isa = PBXResourcesBuildPhase;
			buildActionMask = 2147483647;
			files = (
				A2CD48CD22C5344A00B8EDEB /* LaunchScreen.storyboard in Resources */,
				A2CD48CA22C5344A00B8EDEB /* Assets.xcassets in Resources */,
				A2CD48C822C5344900B8EDEB /* Main.storyboard in Resources */,
			);
			runOnlyForDeploymentPostprocessing = 0;
		};
		A2CD48D322C5344A00B8EDEB /* Resources */ = {
			isa = PBXResourcesBuildPhase;
			buildActionMask = 2147483647;
			files = (
			);
			runOnlyForDeploymentPostprocessing = 0;
		};
		A2CD48DE22C5344A00B8EDEB /* Resources */ = {
			isa = PBXResourcesBuildPhase;
			buildActionMask = 2147483647;
			files = (
			);
			runOnlyForDeploymentPostprocessing = 0;
		};
/* End PBXResourcesBuildPhase section */

/* Begin PBXShellScriptBuildPhase section */
		003B70A555C395DFD51AC48F /* [CP] Embed Pods Frameworks */ = {
			isa = PBXShellScriptBuildPhase;
			buildActionMask = 2147483647;
			files = (
			);
			inputFileListPaths = (
				"${PODS_ROOT}/Target Support Files/Pods-tumblr/Pods-tumblr-frameworks-${CONFIGURATION}-input-files.xcfilelist",
			);
			name = "[CP] Embed Pods Frameworks";
			outputFileListPaths = (
				"${PODS_ROOT}/Target Support Files/Pods-tumblr/Pods-tumblr-frameworks-${CONFIGURATION}-output-files.xcfilelist",
			);
			runOnlyForDeploymentPostprocessing = 0;
			shellPath = /bin/sh;
			shellScript = "\"${PODS_ROOT}/Target Support Files/Pods-tumblr/Pods-tumblr-frameworks.sh\"\n";
			showEnvVarsInLog = 0;
		};
		1FED4425456379106DDE518A /* [CP] Check Pods Manifest.lock */ = {
			isa = PBXShellScriptBuildPhase;
			buildActionMask = 2147483647;
			files = (
			);
			inputFileListPaths = (
			);
			inputPaths = (
				"${PODS_PODFILE_DIR_PATH}/Podfile.lock",
				"${PODS_ROOT}/Manifest.lock",
			);
			name = "[CP] Check Pods Manifest.lock";
			outputFileListPaths = (
			);
			outputPaths = (
				"$(DERIVED_FILE_DIR)/Pods-tumblrUITests-checkManifestLockResult.txt",
			);
			runOnlyForDeploymentPostprocessing = 0;
			shellPath = /bin/sh;
			shellScript = "diff \"${PODS_PODFILE_DIR_PATH}/Podfile.lock\" \"${PODS_ROOT}/Manifest.lock\" > /dev/null\nif [ $? != 0 ] ; then\n    # print error to STDERR\n    echo \"error: The sandbox is not in sync with the Podfile.lock. Run 'pod install' or update your CocoaPods installation.\" >&2\n    exit 1\nfi\n# This output is used by Xcode 'outputs' to avoid re-running this script phase.\necho \"SUCCESS\" > \"${SCRIPT_OUTPUT_FILE_0}\"\n";
			showEnvVarsInLog = 0;
		};
		456B81E2AA3064F4F3880B4C /* [CP] Check Pods Manifest.lock */ = {
			isa = PBXShellScriptBuildPhase;
			buildActionMask = 2147483647;
			files = (
			);
			inputFileListPaths = (
			);
			inputPaths = (
				"${PODS_PODFILE_DIR_PATH}/Podfile.lock",
				"${PODS_ROOT}/Manifest.lock",
			);
			name = "[CP] Check Pods Manifest.lock";
			outputFileListPaths = (
			);
			outputPaths = (
				"$(DERIVED_FILE_DIR)/Pods-tumblr-checkManifestLockResult.txt",
			);
			runOnlyForDeploymentPostprocessing = 0;
			shellPath = /bin/sh;
			shellScript = "diff \"${PODS_PODFILE_DIR_PATH}/Podfile.lock\" \"${PODS_ROOT}/Manifest.lock\" > /dev/null\nif [ $? != 0 ] ; then\n    # print error to STDERR\n    echo \"error: The sandbox is not in sync with the Podfile.lock. Run 'pod install' or update your CocoaPods installation.\" >&2\n    exit 1\nfi\n# This output is used by Xcode 'outputs' to avoid re-running this script phase.\necho \"SUCCESS\" > \"${SCRIPT_OUTPUT_FILE_0}\"\n";
			showEnvVarsInLog = 0;
		};
		FC6DE37BDBA259194C828919 /* [CP] Check Pods Manifest.lock */ = {
			isa = PBXShellScriptBuildPhase;
			buildActionMask = 2147483647;
			files = (
			);
			inputFileListPaths = (
			);
			inputPaths = (
				"${PODS_PODFILE_DIR_PATH}/Podfile.lock",
				"${PODS_ROOT}/Manifest.lock",
			);
			name = "[CP] Check Pods Manifest.lock";
			outputFileListPaths = (
			);
			outputPaths = (
				"$(DERIVED_FILE_DIR)/Pods-tumblrTests-checkManifestLockResult.txt",
			);
			runOnlyForDeploymentPostprocessing = 0;
			shellPath = /bin/sh;
			shellScript = "diff \"${PODS_PODFILE_DIR_PATH}/Podfile.lock\" \"${PODS_ROOT}/Manifest.lock\" > /dev/null\nif [ $? != 0 ] ; then\n    # print error to STDERR\n    echo \"error: The sandbox is not in sync with the Podfile.lock. Run 'pod install' or update your CocoaPods installation.\" >&2\n    exit 1\nfi\n# This output is used by Xcode 'outputs' to avoid re-running this script phase.\necho \"SUCCESS\" > \"${SCRIPT_OUTPUT_FILE_0}\"\n";
			showEnvVarsInLog = 0;
		};
/* End PBXShellScriptBuildPhase section */

/* Begin PBXSourcesBuildPhase section */
		A2CD48B922C5344900B8EDEB /* Sources */ = {
			isa = PBXSourcesBuildPhase;
			buildActionMask = 2147483647;
			files = (
				A2CD48F922C53CE100B8EDEB /* PhotoCell.m in Sources */,
				A2CD48D022C5344A00B8EDEB /* main.m in Sources */,
				A2CD48F422C5360200B8EDEB /* PhotosViewController.m in Sources */,
				A2CD48C222C5344900B8EDEB /* AppDelegate.m in Sources */,
			);
			runOnlyForDeploymentPostprocessing = 0;
		};
		A2CD48D122C5344A00B8EDEB /* Sources */ = {
			isa = PBXSourcesBuildPhase;
			buildActionMask = 2147483647;
			files = (
				A2CD48DA22C5344A00B8EDEB /* tumblrTests.m in Sources */,
			);
			runOnlyForDeploymentPostprocessing = 0;
		};
		A2CD48DC22C5344A00B8EDEB /* Sources */ = {
			isa = PBXSourcesBuildPhase;
			buildActionMask = 2147483647;
			files = (
				A2CD48E522C5344A00B8EDEB /* tumblrUITests.m in Sources */,
			);
			runOnlyForDeploymentPostprocessing = 0;
		};
/* End PBXSourcesBuildPhase section */

/* Begin PBXTargetDependency section */
		A2CD48D722C5344A00B8EDEB /* PBXTargetDependency */ = {
			isa = PBXTargetDependency;
			target = A2CD48BC22C5344900B8EDEB /* tumblr */;
			targetProxy = A2CD48D622C5344A00B8EDEB /* PBXContainerItemProxy */;
		};
		A2CD48E222C5344A00B8EDEB /* PBXTargetDependency */ = {
			isa = PBXTargetDependency;
			target = A2CD48BC22C5344900B8EDEB /* tumblr */;
			targetProxy = A2CD48E122C5344A00B8EDEB /* PBXContainerItemProxy */;
		};
/* End PBXTargetDependency section */

/* Begin PBXVariantGroup section */
		A2CD48C622C5344900B8EDEB /* Main.storyboard */ = {
			isa = PBXVariantGroup;
			children = (
				A2CD48C722C5344900B8EDEB /* Base */,
			);
			name = Main.storyboard;
			sourceTree = "<group>";
		};
		A2CD48CB22C5344A00B8EDEB /* LaunchScreen.storyboard */ = {
			isa = PBXVariantGroup;
			children = (
				A2CD48CC22C5344A00B8EDEB /* Base */,
			);
			name = LaunchScreen.storyboard;
			sourceTree = "<group>";
		};
/* End PBXVariantGroup section */

/* Begin XCBuildConfiguration section */
		A2CD48E722C5344A00B8EDEB /* Debug */ = {
			isa = XCBuildConfiguration;
			buildSettings = {
				ALWAYS_SEARCH_USER_PATHS = NO;
				CLANG_ANALYZER_NONNULL = YES;
				CLANG_ANALYZER_NUMBER_OBJECT_CONVERSION = YES_AGGRESSIVE;
				CLANG_CXX_LANGUAGE_STANDARD = "gnu++14";
				CLANG_CXX_LIBRARY = "libc++";
				CLANG_ENABLE_MODULES = YES;
				CLANG_ENABLE_OBJC_ARC = YES;
				CLANG_ENABLE_OBJC_WEAK = YES;
				CLANG_WARN_BLOCK_CAPTURE_AUTORELEASING = YES;
				CLANG_WARN_BOOL_CONVERSION = YES;
				CLANG_WARN_COMMA = YES;
				CLANG_WARN_CONSTANT_CONVERSION = YES;
				CLANG_WARN_DEPRECATED_OBJC_IMPLEMENTATIONS = YES;
				CLANG_WARN_DIRECT_OBJC_ISA_USAGE = YES_ERROR;
				CLANG_WARN_DOCUMENTATION_COMMENTS = YES;
				CLANG_WARN_EMPTY_BODY = YES;
				CLANG_WARN_ENUM_CONVERSION = YES;
				CLANG_WARN_INFINITE_RECURSION = YES;
				CLANG_WARN_INT_CONVERSION = YES;
				CLANG_WARN_NON_LITERAL_NULL_CONVERSION = YES;
				CLANG_WARN_OBJC_IMPLICIT_RETAIN_SELF = YES;
				CLANG_WARN_OBJC_LITERAL_CONVERSION = YES;
				CLANG_WARN_OBJC_ROOT_CLASS = YES_ERROR;
				CLANG_WARN_RANGE_LOOP_ANALYSIS = YES;
				CLANG_WARN_STRICT_PROTOTYPES = YES;
				CLANG_WARN_SUSPICIOUS_MOVE = YES;
				CLANG_WARN_UNGUARDED_AVAILABILITY = YES_AGGRESSIVE;
				CLANG_WARN_UNREACHABLE_CODE = YES;
				CLANG_WARN__DUPLICATE_METHOD_MATCH = YES;
				CODE_SIGN_IDENTITY = "iPhone Developer";
				COPY_PHASE_STRIP = NO;
				DEBUG_INFORMATION_FORMAT = dwarf;
				ENABLE_STRICT_OBJC_MSGSEND = YES;
				ENABLE_TESTABILITY = YES;
				GCC_C_LANGUAGE_STANDARD = gnu11;
				GCC_DYNAMIC_NO_PIC = NO;
				GCC_NO_COMMON_BLOCKS = YES;
				GCC_OPTIMIZATION_LEVEL = 0;
				GCC_PREPROCESSOR_DEFINITIONS = (
					"DEBUG=1",
					"$(inherited)",
				);
				GCC_WARN_64_TO_32_BIT_CONVERSION = YES;
				GCC_WARN_ABOUT_RETURN_TYPE = YES_ERROR;
				GCC_WARN_UNDECLARED_SELECTOR = YES;
				GCC_WARN_UNINITIALIZED_AUTOS = YES_AGGRESSIVE;
				GCC_WARN_UNUSED_FUNCTION = YES;
				GCC_WARN_UNUSED_VARIABLE = YES;
				IPHONEOS_DEPLOYMENT_TARGET = 12.2;
				MTL_ENABLE_DEBUG_INFO = INCLUDE_SOURCE;
				MTL_FAST_MATH = YES;
				ONLY_ACTIVE_ARCH = YES;
				SDKROOT = iphoneos;
			};
			name = Debug;
		};
		A2CD48E822C5344A00B8EDEB /* Release */ = {
			isa = XCBuildConfiguration;
			buildSettings = {
				ALWAYS_SEARCH_USER_PATHS = NO;
				CLANG_ANALYZER_NONNULL = YES;
				CLANG_ANALYZER_NUMBER_OBJECT_CONVERSION = YES_AGGRESSIVE;
				CLANG_CXX_LANGUAGE_STANDARD = "gnu++14";
				CLANG_CXX_LIBRARY = "libc++";
				CLANG_ENABLE_MODULES = YES;
				CLANG_ENABLE_OBJC_ARC = YES;
				CLANG_ENABLE_OBJC_WEAK = YES;
				CLANG_WARN_BLOCK_CAPTURE_AUTORELEASING = YES;
				CLANG_WARN_BOOL_CONVERSION = YES;
				CLANG_WARN_COMMA = YES;
				CLANG_WARN_CONSTANT_CONVERSION = YES;
				CLANG_WARN_DEPRECATED_OBJC_IMPLEMENTATIONS = YES;
				CLANG_WARN_DIRECT_OBJC_ISA_USAGE = YES_ERROR;
				CLANG_WARN_DOCUMENTATION_COMMENTS = YES;
				CLANG_WARN_EMPTY_BODY = YES;
				CLANG_WARN_ENUM_CONVERSION = YES;
				CLANG_WARN_INFINITE_RECURSION = YES;
				CLANG_WARN_INT_CONVERSION = YES;
				CLANG_WARN_NON_LITERAL_NULL_CONVERSION = YES;
				CLANG_WARN_OBJC_IMPLICIT_RETAIN_SELF = YES;
				CLANG_WARN_OBJC_LITERAL_CONVERSION = YES;
				CLANG_WARN_OBJC_ROOT_CLASS = YES_ERROR;
				CLANG_WARN_RANGE_LOOP_ANALYSIS = YES;
				CLANG_WARN_STRICT_PROTOTYPES = YES;
				CLANG_WARN_SUSPICIOUS_MOVE = YES;
				CLANG_WARN_UNGUARDED_AVAILABILITY = YES_AGGRESSIVE;
				CLANG_WARN_UNREACHABLE_CODE = YES;
				CLANG_WARN__DUPLICATE_METHOD_MATCH = YES;
				CODE_SIGN_IDENTITY = "iPhone Developer";
				COPY_PHASE_STRIP = NO;
				DEBUG_INFORMATION_FORMAT = "dwarf-with-dsym";
				ENABLE_NS_ASSERTIONS = NO;
				ENABLE_STRICT_OBJC_MSGSEND = YES;
				GCC_C_LANGUAGE_STANDARD = gnu11;
				GCC_NO_COMMON_BLOCKS = YES;
				GCC_WARN_64_TO_32_BIT_CONVERSION = YES;
				GCC_WARN_ABOUT_RETURN_TYPE = YES_ERROR;
				GCC_WARN_UNDECLARED_SELECTOR = YES;
				GCC_WARN_UNINITIALIZED_AUTOS = YES_AGGRESSIVE;
				GCC_WARN_UNUSED_FUNCTION = YES;
				GCC_WARN_UNUSED_VARIABLE = YES;
				IPHONEOS_DEPLOYMENT_TARGET = 12.2;
				MTL_ENABLE_DEBUG_INFO = NO;
				MTL_FAST_MATH = YES;
				SDKROOT = iphoneos;
				VALIDATE_PRODUCT = YES;
			};
			name = Release;
		};
		A2CD48EA22C5344A00B8EDEB /* Debug */ = {
			isa = XCBuildConfiguration;
			baseConfigurationReference = D6C358F121CE5E75EA1DE4AB /* Pods-tumblr.debug.xcconfig */;
			buildSettings = {
				ASSETCATALOG_COMPILER_APPICON_NAME = AppIcon;
				CODE_SIGN_STYLE = Automatic;
				DEVELOPMENT_TEAM = Q2PU6GNQZR;
				INFOPLIST_FILE = tumblr/Info.plist;
				LD_RUNPATH_SEARCH_PATHS = (
					"$(inherited)",
					"@executable_path/Frameworks",
				);
				PRODUCT_BUNDLE_IDENTIFIER = com.juliapark628.tumblr;
				PRODUCT_NAME = "$(TARGET_NAME)";
				TARGETED_DEVICE_FAMILY = "1,2";
			};
			name = Debug;
		};
		A2CD48EB22C5344A00B8EDEB /* Release */ = {
			isa = XCBuildConfiguration;
			baseConfigurationReference = 3E5FD25D70383EEF9B4A93D4 /* Pods-tumblr.release.xcconfig */;
			buildSettings = {
				ASSETCATALOG_COMPILER_APPICON_NAME = AppIcon;
				CODE_SIGN_STYLE = Automatic;
				DEVELOPMENT_TEAM = Q2PU6GNQZR;
				INFOPLIST_FILE = tumblr/Info.plist;
				LD_RUNPATH_SEARCH_PATHS = (
					"$(inherited)",
					"@executable_path/Frameworks",
				);
				PRODUCT_BUNDLE_IDENTIFIER = com.juliapark628.tumblr;
				PRODUCT_NAME = "$(TARGET_NAME)";
				TARGETED_DEVICE_FAMILY = "1,2";
			};
			name = Release;
		};
		A2CD48ED22C5344A00B8EDEB /* Debug */ = {
			isa = XCBuildConfiguration;
			baseConfigurationReference = 5E8AE6AF0319A3673861BC8F /* Pods-tumblrTests.debug.xcconfig */;
			buildSettings = {
				BUNDLE_LOADER = "$(TEST_HOST)";
				CODE_SIGN_STYLE = Automatic;
				INFOPLIST_FILE = tumblrTests/Info.plist;
				LD_RUNPATH_SEARCH_PATHS = (
					"$(inherited)",
					"@executable_path/Frameworks",
					"@loader_path/Frameworks",
				);
				PRODUCT_BUNDLE_IDENTIFIER = com.juliapark628.tumblrTests;
				PRODUCT_NAME = "$(TARGET_NAME)";
				TARGETED_DEVICE_FAMILY = "1,2";
				TEST_HOST = "$(BUILT_PRODUCTS_DIR)/tumblr.app/tumblr";
			};
			name = Debug;
		};
		A2CD48EE22C5344A00B8EDEB /* Release */ = {
			isa = XCBuildConfiguration;
			baseConfigurationReference = F49BF2BD36FB7AA55DBC0F1B /* Pods-tumblrTests.release.xcconfig */;
			buildSettings = {
				BUNDLE_LOADER = "$(TEST_HOST)";
				CODE_SIGN_STYLE = Automatic;
				INFOPLIST_FILE = tumblrTests/Info.plist;
				LD_RUNPATH_SEARCH_PATHS = (
					"$(inherited)",
					"@executable_path/Frameworks",
					"@loader_path/Frameworks",
				);
				PRODUCT_BUNDLE_IDENTIFIER = com.juliapark628.tumblrTests;
				PRODUCT_NAME = "$(TARGET_NAME)";
				TARGETED_DEVICE_FAMILY = "1,2";
				TEST_HOST = "$(BUILT_PRODUCTS_DIR)/tumblr.app/tumblr";
			};
			name = Release;
		};
		A2CD48F022C5344A00B8EDEB /* Debug */ = {
			isa = XCBuildConfiguration;
			baseConfigurationReference = 3F9465769D8596EE56CF6FF8 /* Pods-tumblrUITests.debug.xcconfig */;
			buildSettings = {
				CODE_SIGN_STYLE = Automatic;
				INFOPLIST_FILE = tumblrUITests/Info.plist;
				LD_RUNPATH_SEARCH_PATHS = (
					"$(inherited)",
					"@executable_path/Frameworks",
					"@loader_path/Frameworks",
				);
				PRODUCT_BUNDLE_IDENTIFIER = com.juliapark628.tumblrUITests;
				PRODUCT_NAME = "$(TARGET_NAME)";
				TARGETED_DEVICE_FAMILY = "1,2";
				TEST_TARGET_NAME = tumblr;
			};
			name = Debug;
		};
		A2CD48F122C5344A00B8EDEB /* Release */ = {
			isa = XCBuildConfiguration;
			baseConfigurationReference = C6470DB005D8330D8E866B8F /* Pods-tumblrUITests.release.xcconfig */;
			buildSettings = {
				CODE_SIGN_STYLE = Automatic;
				INFOPLIST_FILE = tumblrUITests/Info.plist;
				LD_RUNPATH_SEARCH_PATHS = (
					"$(inherited)",
					"@executable_path/Frameworks",
					"@loader_path/Frameworks",
				);
				PRODUCT_BUNDLE_IDENTIFIER = com.juliapark628.tumblrUITests;
				PRODUCT_NAME = "$(TARGET_NAME)";
				TARGETED_DEVICE_FAMILY = "1,2";
				TEST_TARGET_NAME = tumblr;
			};
			name = Release;
		};
/* End XCBuildConfiguration section */

/* Begin XCConfigurationList section */
		A2CD48B822C5344900B8EDEB /* Build configuration list for PBXProject "tumblr" */ = {
			isa = XCConfigurationList;
			buildConfigurations = (
				A2CD48E722C5344A00B8EDEB /* Debug */,
				A2CD48E822C5344A00B8EDEB /* Release */,
			);
			defaultConfigurationIsVisible = 0;
			defaultConfigurationName = Release;
		};
		A2CD48E922C5344A00B8EDEB /* Build configuration list for PBXNativeTarget "tumblr" */ = {
			isa = XCConfigurationList;
			buildConfigurations = (
				A2CD48EA22C5344A00B8EDEB /* Debug */,
				A2CD48EB22C5344A00B8EDEB /* Release */,
			);
			defaultConfigurationIsVisible = 0;
			defaultConfigurationName = Release;
		};
		A2CD48EC22C5344A00B8EDEB /* Build configuration list for PBXNativeTarget "tumblrTests" */ = {
			isa = XCConfigurationList;
			buildConfigurations = (
				A2CD48ED22C5344A00B8EDEB /* Debug */,
				A2CD48EE22C5344A00B8EDEB /* Release */,
			);
			defaultConfigurationIsVisible = 0;
			defaultConfigurationName = Release;
		};
		A2CD48EF22C5344A00B8EDEB /* Build configuration list for PBXNativeTarget "tumblrUITests" */ = {
			isa = XCConfigurationList;
			buildConfigurations = (
				A2CD48F022C5344A00B8EDEB /* Debug */,
				A2CD48F122C5344A00B8EDEB /* Release */,
			);
			defaultConfigurationIsVisible = 0;
			defaultConfigurationName = Release;
		};
/* End XCConfigurationList section */
	};
	rootObject = A2CD48B522C5344900B8EDEB /* Project object */;
}
